
Microsoft Visual Studio Solution File, Format Version 12.00
# Visual Studio Version 17
VisualStudioVersion = 17.8.34408.163
MinimumVisualStudioVersion = 10.0.40219.1
Project("{FAE04EC0-301F-11D3-BF4B-00C04F79EFBC}") = "Protein Data Fetcher Test", "Protein Data Fetcher Test\Protein Data Fetcher Test.csproj", "{061BAEDC-585A-4888-BADF-D1AE4AD3B8E6}"
EndProject
Global
	GlobalSection(SolutionConfigurationPlatforms) = preSolution
		Debug|Any CPU = Debug|Any CPU
		Release|Any CPU = Release|Any CPU
	EndGlobalSection
	GlobalSection(ProjectConfigurationPlatforms) = postSolution
		{061BAEDC-585A-4888-BADF-D1AE4AD3B8E6}.Debug|Any CPU.ActiveCfg = Debug|Any CPU
		{061BAEDC-585A-4888-BADF-D1AE4AD3B8E6}.Debug|Any CPU.Build.0 = Debug|Any CPU
		{061BAEDC-585A-4888-BADF-D1AE4AD3B8E6}.Release|Any CPU.ActiveCfg = Release|Any CPU
		{061BAEDC-585A-4888-BADF-D1AE4AD3B8E6}.Release|Any CPU.Build.0 = Release|Any CPU
	EndGlobalSection
	GlobalSection(SolutionProperties) = preSolution
		HideSolutionNode = FALSE
	EndGlobalSection
	GlobalSection(ExtensibilityGlobals) = postSolution
		SolutionGuid = {00DAF521-175B-4A35-ADBA-2CB0BE347A73}
	EndGlobalSection
EndGlobal
